{
  "version": 4,
  "terraform_version": "1.12.2",
  "serial": 115,
  "lineage": "d4d29a12-9d57-a42a-7d0f-7dd2e1f6d1d8",
  "outputs": {},
  "resources": [
    {
      "mode": "managed",
      "type": "github_issue_label",
      "name": "issues_labels",
      "provider": "provider[\"registry.terraform.io/integrations/github\"]",
      "instances": [
        {
          "index_key": "dockerfile",
          "schema_version": 0,
          "attributes": {
            "color": "3895AD",
            "description": "",
            "etag": "W/\"04fcf9afa896e05991a5af1a2efb3f08581e30e926b05ad10c732cfd33f220cc\"",
            "id": "kanban:Dockerfile",
            "name": "Dockerfile",
            "repository": "kanban",
            "url": "https://api.github.com/repos/marcbey/kanban/labels/Dockerfile"
          },
          "sensitive_attributes": [],
          "identity_schema_version": 0,
          "private": "bnVsbA==",
          "dependencies": [
            "github_repository.kanban"
          ]
        },
        {
          "index_key": "env-aws",
          "schema_version": 0,
          "attributes": {
            "color": "D3A968",
            "description": "",
            "etag": "W/\"970305bd3a8f4121c56ed4a0f554bf47a2044a7b429efad47f99a95e6b81513d\"",
            "id": "kanban:Env:AWS",
            "name": "Env:AWS",
            "repository": "kanban",
            "url": "https://api.github.com/repos/marcbey/kanban/labels/Env:AWS"
          },
          "sensitive_attributes": [],
          "identity_schema_version": 0,
          "private": "bnVsbA==",
          "dependencies": [
            "github_repository.kanban"
          ]
        },
        {
          "index_key": "env-local",
          "schema_version": 0,
          "attributes": {
            "color": "0075ca",
            "description": "",
            "etag": "W/\"5a25828b7f92a73f9e1ea7a98dbf3b7c080563411969b0abb94818cb3821a6d1\"",
            "id": "kanban:Env:Local",
            "name": "Env:Local",
            "repository": "kanban",
            "url": "https://api.github.com/repos/marcbey/kanban/labels/Env:Local"
          },
          "sensitive_attributes": [],
          "identity_schema_version": 0,
          "private": "bnVsbA==",
          "dependencies": [
            "github_repository.kanban"
          ]
        },
        {
          "index_key": "kind-ci-cd",
          "schema_version": 0,
          "attributes": {
            "color": "FBCA04",
            "description": "",
            "etag": "W/\"0fac2e068474e72dbf327542d59789cccdeb958ce3eb4e5ef0d000d75290aef2\"",
            "id": "kanban:Kind:CI-CD",
            "name": "Kind:CI-CD",
            "repository": "kanban",
            "url": "https://api.github.com/repos/marcbey/kanban/labels/Kind:CI-CD"
          },
          "sensitive_attributes": [],
          "identity_schema_version": 0,
          "private": "bnVsbA==",
          "dependencies": [
            "github_repository.kanban"
          ]
        },
        {
          "index_key": "kind-documentation",
          "schema_version": 0,
          "attributes": {
            "color": "5319E7",
            "description": "",
            "etag": "W/\"5536d319f639d69beadddeed6eec7442409ecba9a3270b0c2d87aeef734ca291\"",
            "id": "kanban:Kind:Documentation",
            "name": "Kind:Documentation",
            "repository": "kanban",
            "url": "https://api.github.com/repos/marcbey/kanban/labels/Kind:Documentation"
          },
          "sensitive_attributes": [],
          "identity_schema_version": 0,
          "private": "bnVsbA==",
          "dependencies": [
            "github_repository.kanban"
          ]
        },
        {
          "index_key": "kind-infrastructure",
          "schema_version": 0,
          "attributes": {
            "color": "B60205",
            "description": "",
            "etag": "W/\"8de1a4783515d6f362d45248abf6b026da50e1f05c5c918be162ff8a1bb4259c\"",
            "id": "kanban:Kind:Infrastructure",
            "name": "Kind:Infrastructure",
            "repository": "kanban",
            "url": "https://api.github.com/repos/marcbey/kanban/labels/Kind:Infrastructure"
          },
          "sensitive_attributes": [],
          "identity_schema_version": 0,
          "private": "bnVsbA==",
          "dependencies": [
            "github_repository.kanban"
          ]
        },
        {
          "index_key": "kind-instrumentation",
          "schema_version": 0,
          "attributes": {
            "color": "0E8A16",
            "description": "",
            "etag": "W/\"e46c6570927f4a39292bcb80c6d17dc2384dc1da64537d8edec371cc5c815124\"",
            "id": "kanban:Kind:Instrumentation",
            "name": "Kind:Instrumentation",
            "repository": "kanban",
            "url": "https://api.github.com/repos/marcbey/kanban/labels/Kind:Instrumentation"
          },
          "sensitive_attributes": [],
          "identity_schema_version": 0,
          "private": "bnVsbA==",
          "dependencies": [
            "github_repository.kanban"
          ]
        },
        {
          "index_key": "kind-uncategorized",
          "schema_version": 0,
          "attributes": {
            "color": "D93F0B",
            "description": "",
            "etag": "W/\"25e54b72e49ae8e05dd8fc710c3016d8b900155b8681aca0823a001a994da2d9\"",
            "id": "kanban:Kind:Uncategorized",
            "name": "Kind:Uncategorized",
            "repository": "kanban",
            "url": "https://api.github.com/repos/marcbey/kanban/labels/Kind:Uncategorized"
          },
          "sensitive_attributes": [],
          "identity_schema_version": 0,
          "private": "bnVsbA==",
          "dependencies": [
            "github_repository.kanban"
          ]
        },
        {
          "index_key": "tech-docker",
          "schema_version": 0,
          "attributes": {
            "color": "1D76DB",
            "description": "",
            "etag": "W/\"048c3e4188da136cc6523d017b05f6c844c54dcc1706c077783e592870e8adb3\"",
            "id": "kanban:Tech:Docker",
            "name": "Tech:Docker",
            "repository": "kanban",
            "url": "https://api.github.com/repos/marcbey/kanban/labels/Tech:Docker"
          },
          "sensitive_attributes": [],
          "identity_schema_version": 0,
          "private": "bnVsbA==",
          "dependencies": [
            "github_repository.kanban"
          ]
        },
        {
          "index_key": "tech-docker-compose",
          "schema_version": 0,
          "attributes": {
            "color": "006B75",
            "description": "",
            "etag": "W/\"cdf4ebb36efd3d89f1a7ff4720c6b0d55660f3bd875efd0d74b4cc46c9410905\"",
            "id": "kanban:Tech:Docker-Compose",
            "name": "Tech:Docker-Compose",
            "repository": "kanban",
            "url": "https://api.github.com/repos/marcbey/kanban/labels/Tech:Docker-Compose"
          },
          "sensitive_attributes": [],
          "identity_schema_version": 0,
          "private": "bnVsbA==",
          "dependencies": [
            "github_repository.kanban"
          ]
        },
        {
          "index_key": "tech-elixir",
          "schema_version": 0,
          "attributes": {
            "color": "D9B1FC",
            "description": "",
            "etag": "W/\"1118817ce5bada0d958969890835d64534979ad028a8adcfa54ec05e91c31f09\"",
            "id": "kanban:Tech:Elixir",
            "name": "Tech:Elixir",
            "repository": "kanban",
            "url": "https://api.github.com/repos/marcbey/kanban/labels/Tech:Elixir"
          },
          "sensitive_attributes": [],
          "identity_schema_version": 0,
          "private": "bnVsbA==",
          "dependencies": [
            "github_repository.kanban"
          ]
        },
        {
          "index_key": "tech-gha",
          "schema_version": 0,
          "attributes": {
            "color": "66FE68",
            "description": "",
            "etag": "W/\"0e72b93c5a646ab19f340e3052d06def562e2c03df73d209b1ceaa04c2eb42ec\"",
            "id": "kanban:Tech:GHA",
            "name": "Tech:GHA",
            "repository": "kanban",
            "url": "https://api.github.com/repos/marcbey/kanban/labels/Tech:GHA"
          },
          "sensitive_attributes": [],
          "identity_schema_version": 0,
          "private": "bnVsbA==",
          "dependencies": [
            "github_repository.kanban"
          ]
        },
        {
          "index_key": "tech-packer",
          "schema_version": 0,
          "attributes": {
            "color": "1D76DB",
            "description": "",
            "etag": "W/\"0d233ee16b339645ee0a9c79a92840016aba75adf32b9dec8f00eeb5a0c310a0\"",
            "id": "kanban:Tech:Packer",
            "name": "Tech:Packer",
            "repository": "kanban",
            "url": "https://api.github.com/repos/marcbey/kanban/labels/Tech:Packer"
          },
          "sensitive_attributes": [],
          "identity_schema_version": 0,
          "private": "bnVsbA==",
          "dependencies": [
            "github_repository.kanban"
          ]
        },
        {
          "index_key": "tech-sops",
          "schema_version": 0,
          "attributes": {
            "color": "F9D0C4",
            "description": "",
            "etag": "W/\"9990729a07847e166e01c49a97aff5c6e89becc86f5e859c7ff2ea0a9d05c968\"",
            "id": "kanban:Tech:SOPS",
            "name": "Tech:SOPS",
            "repository": "kanban",
            "url": "https://api.github.com/repos/marcbey/kanban/labels/Tech:SOPS"
          },
          "sensitive_attributes": [],
          "identity_schema_version": 0,
          "private": "bnVsbA==",
          "dependencies": [
            "github_repository.kanban"
          ]
        },
        {
          "index_key": "tech-terraform",
          "schema_version": 0,
          "attributes": {
            "color": "5319A1",
            "description": "",
            "etag": "W/\"21584f1f0b3b1c943cd4d0acd11939da5bf9f198beb64abce218394fa5d4d4b3\"",
            "id": "kanban:Tech:Terraform",
            "name": "Tech:Terraform",
            "repository": "kanban",
            "url": "https://api.github.com/repos/marcbey/kanban/labels/Tech:Terraform"
          },
          "sensitive_attributes": [],
          "identity_schema_version": 0,
          "private": "bnVsbA==",
          "dependencies": [
            "github_repository.kanban"
          ]
        }
      ]
    },
    {
      "mode": "managed",
      "type": "github_repository",
      "name": "kanban",
      "provider": "provider[\"registry.terraform.io/integrations/github\"]",
      "instances": [
        {
          "schema_version": 1,
          "attributes": {
            "allow_auto_merge": false,
            "allow_merge_commit": true,
            "allow_rebase_merge": true,
            "allow_squash_merge": true,
            "allow_update_branch": false,
            "archive_on_destroy": null,
            "archived": false,
            "auto_init": true,
            "default_branch": "main",
            "delete_branch_on_merge": true,
            "description": "Playground for engineering elixir applications",
            "etag": "W/\"c7c74f5ced1ebab11837bc2b12fd872edbe5cf3db1716439884084a3806bfdfc\"",
            "full_name": "marcbey/kanban",
            "git_clone_url": "git://github.com/marcbey/kanban.git",
            "gitignore_template": "Terraform",
            "has_discussions": false,
            "has_downloads": false,
            "has_issues": true,
            "has_projects": false,
            "has_wiki": false,
            "homepage_url": "",
            "html_url": "https://github.com/marcbey/kanban",
            "http_clone_url": "https://github.com/marcbey/kanban.git",
            "id": "kanban",
            "ignore_vulnerability_alerts_during_read": null,
            "is_template": false,
            "license_template": null,
            "merge_commit_message": "PR_TITLE",
            "merge_commit_title": "MERGE_MESSAGE",
            "name": "kanban",
            "node_id": "R_kgDOPJfLQw",
            "pages": [],
            "primary_language": "",
            "private": false,
            "repo_id": 1016580931,
            "security_and_analysis": [
              {
                "advanced_security": [],
                "secret_scanning": [
                  {
                    "status": "enabled"
                  }
                ],
                "secret_scanning_push_protection": [
                  {
                    "status": "enabled"
                  }
                ]
              }
            ],
            "squash_merge_commit_message": "COMMIT_MESSAGES",
            "squash_merge_commit_title": "COMMIT_OR_PR_TITLE",
            "ssh_clone_url": "git@github.com:marcbey/kanban.git",
            "svn_url": "https://github.com/marcbey/kanban",
            "template": [],
            "topics": [],
            "visibility": "public",
            "vulnerability_alerts": false,
            "web_commit_signoff_required": false
          },
          "sensitive_attributes": [],
          "identity_schema_version": 0,
          "private": "eyJzY2hlbWFfdmVyc2lvbiI6IjEifQ=="
        }
      ]
    },
    {
      "mode": "managed",
      "type": "github_repository_milestone",
      "name": "epics",
      "provider": "provider[\"registry.terraform.io/integrations/github\"]",
      "instances": [
        {
          "index_key": "ci-cd",
          "schema_version": 0,
          "attributes": {
            "description": "This milestone will include all deliverables that have to do with GitHub workflows that will perform the basic checks for an Elixir application. It will also build the Docker image and pull the latest images in production. ",
            "due_date": "2025-09-01",
            "id": "marcbey/kanban/1",
            "number": 1,
            "owner": "marcbey",
            "repository": "kanban",
            "state": "open",
            "title": "Continuous Deployment / Continuous Integration"
          },
          "sensitive_attributes": [],
          "identity_schema_version": 0,
          "private": "bnVsbA==",
          "dependencies": [
            "github_repository.kanban"
          ]
        },
        {
          "index_key": "documentation",
          "schema_version": 0,
          "attributes": {
            "description": "This milestone includes documentation for Terraform, Elixir, Packer and others and will converge with CI when needed. ",
            "due_date": "",
            "id": "marcbey/kanban/2",
            "number": 2,
            "owner": "marcbey",
            "repository": "kanban",
            "state": "open",
            "title": "Documentation"
          },
          "sensitive_attributes": [],
          "identity_schema_version": 0,
          "private": "bnVsbA==",
          "dependencies": [
            "github_repository.kanban"
          ]
        },
        {
          "index_key": "infrastructure",
          "schema_version": 0,
          "attributes": {
            "description": "This milestone includes all the deliverables related to building the application (e.g Dockerfile), provisioning AWS, the local environment and the base AMI with Packer. ",
            "due_date": "2025-08-01",
            "id": "marcbey/kanban/3",
            "number": 3,
            "owner": "marcbey",
            "repository": "kanban",
            "state": "open",
            "title": "Infrastructure"
          },
          "sensitive_attributes": [],
          "identity_schema_version": 0,
          "private": "bnVsbA==",
          "dependencies": [
            "github_repository.kanban"
          ]
        },
        {
          "index_key": "instrumentation",
          "schema_version": 0,
          "attributes": {
            "description": "This milestone will include all deliverables that have to do with the addition of basic instrumentation and BEAM specific metrics for your application. Any task(s) related to instrumentation (independently of which part of the stack they relate to) will be included in this milestone. ",
            "due_date": "2025-10-01",
            "id": "marcbey/kanban/4",
            "number": 4,
            "owner": "marcbey",
            "repository": "kanban",
            "state": "open",
            "title": "Instrumentation"
          },
          "sensitive_attributes": [],
          "identity_schema_version": 0,
          "private": "bnVsbA==",
          "dependencies": [
            "github_repository.kanban"
          ]
        },
        {
          "index_key": "uncategorized",
          "schema_version": 0,
          "attributes": {
            "description": "A milestone to add all issues that do not fit in any of the other milestones. This is an easy way to track those uncategorized tasks. ",
            "due_date": "",
            "id": "marcbey/kanban/5",
            "number": 5,
            "owner": "marcbey",
            "repository": "kanban",
            "state": "open",
            "title": "Uncategorized"
          },
          "sensitive_attributes": [],
          "identity_schema_version": 0,
          "private": "bnVsbA==",
          "dependencies": [
            "github_repository.kanban"
          ]
        }
      ]
    }
  ],
  "check_results": null
}
